
Microsoft Visual Studio Solution File, Format Version 12.00
# Visual Studio Version 16
VisualStudioVersion = 16.0.30011.22
MinimumVisualStudioVersion = 10.0.40219.1
Project("{9A19103F-16F7-4668-BE54-9A1E7A4F7556}") = "WebApi", "WebApi\WebApi.csproj", "{0EE26004-8F53-4A62-862A-0CFCE9CA2E33}"
EndProject
Project("{FAE04EC0-301F-11D3-BF4B-00C04F79EFBC}") = "API.Models", "Models\API.Models.csproj", "{6A7F099B-4707-418C-9F93-FA9EB4B06BB3}"
EndProject
Project("{FAE04EC0-301F-11D3-BF4B-00C04F79EFBC}") = "API.DataAccess", "DataAccess\API.DataAccess.csproj", "{58D85C12-853F-462D-8AD9-2155AEFBAE2F}"
EndProject
Project("{FAE04EC0-301F-11D3-BF4B-00C04F79EFBC}") = "API.Business", "Business\API.Business.csproj", "{D53228D2-BED5-4391-B2B1-7DFC4777A492}"
EndProject
Global
	GlobalSection(SolutionConfigurationPlatforms) = preSolution
		Debug|Any CPU = Debug|Any CPU
		Release|Any CPU = Release|Any CPU
	EndGlobalSection
	GlobalSection(ProjectConfigurationPlatforms) = postSolution
		{0EE26004-8F53-4A62-862A-0CFCE9CA2E33}.Debug|Any CPU.ActiveCfg = Debug|Any CPU
		{0EE26004-8F53-4A62-862A-0CFCE9CA2E33}.Debug|Any CPU.Build.0 = Debug|Any CPU
		{0EE26004-8F53-4A62-862A-0CFCE9CA2E33}.Release|Any CPU.ActiveCfg = Release|Any CPU
		{0EE26004-8F53-4A62-862A-0CFCE9CA2E33}.Release|Any CPU.Build.0 = Release|Any CPU
		{6A7F099B-4707-418C-9F93-FA9EB4B06BB3}.Debug|Any CPU.ActiveCfg = Debug|Any CPU
		{6A7F099B-4707-418C-9F93-FA9EB4B06BB3}.Debug|Any CPU.Build.0 = Debug|Any CPU
		{6A7F099B-4707-418C-9F93-FA9EB4B06BB3}.Release|Any CPU.ActiveCfg = Release|Any CPU
		{6A7F099B-4707-418C-9F93-FA9EB4B06BB3}.Release|Any CPU.Build.0 = Release|Any CPU
		{58D85C12-853F-462D-8AD9-2155AEFBAE2F}.Debug|Any CPU.ActiveCfg = Debug|Any CPU
		{58D85C12-853F-462D-8AD9-2155AEFBAE2F}.Debug|Any CPU.Build.0 = Debug|Any CPU
		{58D85C12-853F-462D-8AD9-2155AEFBAE2F}.Release|Any CPU.ActiveCfg = Release|Any CPU
		{58D85C12-853F-462D-8AD9-2155AEFBAE2F}.Release|Any CPU.Build.0 = Release|Any CPU
		{D53228D2-BED5-4391-B2B1-7DFC4777A492}.Debug|Any CPU.ActiveCfg = Debug|Any CPU
		{D53228D2-BED5-4391-B2B1-7DFC4777A492}.Debug|Any CPU.Build.0 = Debug|Any CPU
		{D53228D2-BED5-4391-B2B1-7DFC4777A492}.Release|Any CPU.ActiveCfg = Release|Any CPU
		{D53228D2-BED5-4391-B2B1-7DFC4777A492}.Release|Any CPU.Build.0 = Release|Any CPU
	EndGlobalSection
	GlobalSection(SolutionProperties) = preSolution
		HideSolutionNode = FALSE
	EndGlobalSection
	GlobalSection(ExtensibilityGlobals) = postSolution
		SolutionGuid = {629BF446-DB9D-40CD-8E54-258261017778}
	EndGlobalSection
EndGlobal
